
Microsoft Visual Studio Solution File, Format Version 12.00
# Visual Studio 2013
VisualStudioVersion = 12.0.31101.0
MinimumVisualStudioVersion = 10.0.40219.1
Project("{FAE04EC0-301F-11D3-BF4B-00C04F79EFBC}") = "Simulacion", "Simulacion\Simulacion.csproj", "{D2442C57-B32D-4EA7-947C-81DF96CAB26F}"
EndProject
Project("{FAE04EC0-301F-11D3-BF4B-00C04F79EFBC}") = "Simulacion_Library", "Simulacion_Library\Simulacion_Library.csproj", "{058FD67F-3F84-4919-8B73-D4E696EDDB2A}"
EndProject
Project("{FAE04EC0-301F-11D3-BF4B-00C04F79EFBC}") = "UnitTestProject", "UnitTestProject\UnitTestProject.csproj", "{34931F7F-8BA3-49C4-A917-5F423562B9E6}"
EndProject
Global
	GlobalSection(SolutionConfigurationPlatforms) = preSolution
		Debug|Any CPU = Debug|Any CPU
		Release|Any CPU = Release|Any CPU
	EndGlobalSection
	GlobalSection(ProjectConfigurationPlatforms) = postSolution
		{D2442C57-B32D-4EA7-947C-81DF96CAB26F}.Debug|Any CPU.ActiveCfg = Debug|Any CPU
		{D2442C57-B32D-4EA7-947C-81DF96CAB26F}.Debug|Any CPU.Build.0 = Debug|Any CPU
		{D2442C57-B32D-4EA7-947C-81DF96CAB26F}.Release|Any CPU.ActiveCfg = Release|Any CPU
		{D2442C57-B32D-4EA7-947C-81DF96CAB26F}.Release|Any CPU.Build.0 = Release|Any CPU
		{058FD67F-3F84-4919-8B73-D4E696EDDB2A}.Debug|Any CPU.ActiveCfg = Debug|Any CPU
		{058FD67F-3F84-4919-8B73-D4E696EDDB2A}.Debug|Any CPU.Build.0 = Debug|Any CPU
		{058FD67F-3F84-4919-8B73-D4E696EDDB2A}.Release|Any CPU.ActiveCfg = Release|Any CPU
		{058FD67F-3F84-4919-8B73-D4E696EDDB2A}.Release|Any CPU.Build.0 = Release|Any CPU
		{34931F7F-8BA3-49C4-A917-5F423562B9E6}.Debug|Any CPU.ActiveCfg = Debug|Any CPU
		{34931F7F-8BA3-49C4-A917-5F423562B9E6}.Debug|Any CPU.Build.0 = Debug|Any CPU
		{34931F7F-8BA3-49C4-A917-5F423562B9E6}.Release|Any CPU.ActiveCfg = Release|Any CPU
		{34931F7F-8BA3-49C4-A917-5F423562B9E6}.Release|Any CPU.Build.0 = Release|Any CPU
	EndGlobalSection
	GlobalSection(SolutionProperties) = preSolution
		HideSolutionNode = FALSE
	EndGlobalSection
EndGlobal
